
Microsoft Visual Studio Solution File, Format Version 12.00
# Visual Studio Version 17
VisualStudioVersion = 17.11.35222.181
MinimumVisualStudioVersion = 10.0.40219.1
Project("{9A19103F-16F7-4668-BE54-9A1E7A4F7556}") = "lb_7", "lb_7\lb_7.csproj", "{11F89DAE-68AB-44D1-9F80-1D41447A83C9}"
EndProject
Global
	GlobalSection(SolutionConfigurationPlatforms) = preSolution
		Debug|Any CPU = Debug|Any CPU
		Release|Any CPU = Release|Any CPU
	EndGlobalSection
	GlobalSection(ProjectConfigurationPlatforms) = postSolution
		{11F89DAE-68AB-44D1-9F80-1D41447A83C9}.Debug|Any CPU.ActiveCfg = Debug|Any CPU
		{11F89DAE-68AB-44D1-9F80-1D41447A83C9}.Debug|Any CPU.Build.0 = Debug|Any CPU
		{11F89DAE-68AB-44D1-9F80-1D41447A83C9}.Release|Any CPU.ActiveCfg = Release|Any CPU
		{11F89DAE-68AB-44D1-9F80-1D41447A83C9}.Release|Any CPU.Build.0 = Release|Any CPU
	EndGlobalSection
	GlobalSection(SolutionProperties) = preSolution
		HideSolutionNode = FALSE
	EndGlobalSection
	GlobalSection(ExtensibilityGlobals) = postSolution
		SolutionGuid = {6ED853EB-AD5D-4C30-A1AE-BF46C3D63798}
	EndGlobalSection
EndGlobal
